// !$*UTF8*$!
{
	archiveVersion = 1;
	classes = {
	};
	objectVersion = 46;
	objects = {

/* Begin PBXBuildFile section */
		9FCB086C1D17BECA00641C29 /* AppDelegate.swift in Sources */ = {isa = PBXBuildFile; fileRef = 9FCB086B1D17BECA00641C29 /* AppDelegate.swift */; };
		9FCB086E1D17BECA00641C29 /* ViewController.swift in Sources */ = {isa = PBXBuildFile; fileRef = 9FCB086D1D17BECA00641C29 /* ViewController.swift */; };
		9FCB08711D17BECA00641C29 /* Main.storyboard in Resources */ = {isa = PBXBuildFile; fileRef = 9FCB086F1D17BECA00641C29 /* Main.storyboard */; };
		9FCB08731D17BECA00641C29 /* Assets.xcassets in Resources */ = {isa = PBXBuildFile; fileRef = 9FCB08721D17BECA00641C29 /* Assets.xcassets */; };
		9FCB08761D17BECA00641C29 /* LaunchScreen.storyboard in Resources */ = {isa = PBXBuildFile; fileRef = 9FCB08741D17BECA00641C29 /* LaunchScreen.storyboard */; };
		9FF9AE6E1D1EB7A8007E75E4 /* AboutACViewController.swift in Sources */ = {isa = PBXBuildFile; fileRef = 9FF9AE6D1D1EB7A8007E75E4 /* AboutACViewController.swift */; };
		9FF9AE701D1EBA54007E75E4 /* AboutAC.swift in Sources */ = {isa = PBXBuildFile; fileRef = 9FF9AE6F1D1EBA54007E75E4 /* AboutAC.swift */; };
		9FF9AE721D201652007E75E4 /* Event.swift in Sources */ = {isa = PBXBuildFile; fileRef = 9FF9AE711D201652007E75E4 /* Event.swift */; };
		9FF9AE791D201F61007E75E4 /* CustomEventTableViewCell.swift in Sources */ = {isa = PBXBuildFile; fileRef = 9FF9AE771D201F61007E75E4 /* CustomEventTableViewCell.swift */; };
		9FF9AE7A1D201F61007E75E4 /* CustomEventTableViewCell.xib in Resources */ = {isa = PBXBuildFile; fileRef = 9FF9AE781D201F61007E75E4 /* CustomEventTableViewCell.xib */; };
		9FF9AE7C1D202080007E75E4 /* EventTableViewController.swift in Sources */ = {isa = PBXBuildFile; fileRef = 9FF9AE7B1D202080007E75E4 /* EventTableViewController.swift */; };
		9FF9AE7E1D2025FC007E75E4 /* IntroViewController.swift in Sources */ = {isa = PBXBuildFile; fileRef = 9FF9AE7D1D2025FC007E75E4 /* IntroViewController.swift */; };
		9FF9AE801D2026CC007E75E4 /* EventWebViewController.swift in Sources */ = {isa = PBXBuildFile; fileRef = 9FF9AE7F1D2026CC007E75E4 /* EventWebViewController.swift */; };
		9FF9AE881D2031F9007E75E4 /* Class.swift in Sources */ = {isa = PBXBuildFile; fileRef = 9FF9AE871D2031F9007E75E4 /* Class.swift */; };
		9FF9AE8C1D203741007E75E4 /* ClassTableViewController.swift in Sources */ = {isa = PBXBuildFile; fileRef = 9FF9AE8B1D203741007E75E4 /* ClassTableViewController.swift */; };
		9FF9AE8F1D2037D6007E75E4 /* CustomClassTableViewCell.swift in Sources */ = {isa = PBXBuildFile; fileRef = 9FF9AE8D1D2037D6007E75E4 /* CustomClassTableViewCell.swift */; };
		9FF9AE901D2037D6007E75E4 /* CustomClassTableViewCell.xib in Resources */ = {isa = PBXBuildFile; fileRef = 9FF9AE8E1D2037D6007E75E4 /* CustomClassTableViewCell.xib */; };
		9FF9AE921D203A27007E75E4 /* ClassWebViewController.swift in Sources */ = {isa = PBXBuildFile; fileRef = 9FF9AE911D203A27007E75E4 /* ClassWebViewController.swift */; };
/* End PBXBuildFile section */

/* Begin PBXFileReference section */
		9FCB08681D17BECA00641C29 /* AlphaCampAppExercise.app */ = {isa = PBXFileReference; explicitFileType = wrapper.application; includeInIndex = 0; path = AlphaCampAppExercise.app; sourceTree = BUILT_PRODUCTS_DIR; };
		9FCB086B1D17BECA00641C29 /* AppDelegate.swift */ = {isa = PBXFileReference; lastKnownFileType = sourcecode.swift; path = AppDelegate.swift; sourceTree = "<group>"; };
		9FCB086D1D17BECA00641C29 /* ViewController.swift */ = {isa = PBXFileReference; lastKnownFileType = sourcecode.swift; path = ViewController.swift; sourceTree = "<group>"; };
		9FCB08701D17BECA00641C29 /* Base */ = {isa = PBXFileReference; lastKnownFileType = file.storyboard; name = Base; path = Base.lproj/Main.storyboard; sourceTree = "<group>"; };
		9FCB08721D17BECA00641C29 /* Assets.xcassets */ = {isa = PBXFileReference; lastKnownFileType = folder.assetcatalog; path = Assets.xcassets; sourceTree = "<group>"; };
		9FCB08751D17BECA00641C29 /* Base */ = {isa = PBXFileReference; lastKnownFileType = file.storyboard; name = Base; path = Base.lproj/LaunchScreen.storyboard; sourceTree = "<group>"; };
		9FCB08771D17BECA00641C29 /* Info.plist */ = {isa = PBXFileReference; lastKnownFileType = text.plist.xml; path = Info.plist; sourceTree = "<group>"; };
		9FF9AE6D1D1EB7A8007E75E4 /* AboutACViewController.swift */ = {isa = PBXFileReference; fileEncoding = 4; lastKnownFileType = sourcecode.swift; path = AboutACViewController.swift; sourceTree = "<group>"; };
		9FF9AE6F1D1EBA54007E75E4 /* AboutAC.swift */ = {isa = PBXFileReference; fileEncoding = 4; lastKnownFileType = sourcecode.swift; path = AboutAC.swift; sourceTree = "<group>"; };
		9FF9AE711D201652007E75E4 /* Event.swift */ = {isa = PBXFileReference; fileEncoding = 4; lastKnownFileType = sourcecode.swift; path = Event.swift; sourceTree = "<group>"; };
		9FF9AE771D201F61007E75E4 /* CustomEventTableViewCell.swift */ = {isa = PBXFileReference; fileEncoding = 4; lastKnownFileType = sourcecode.swift; path = CustomEventTableViewCell.swift; sourceTree = "<group>"; };
		9FF9AE781D201F61007E75E4 /* CustomEventTableViewCell.xib */ = {isa = PBXFileReference; fileEncoding = 4; lastKnownFileType = file.xib; path = CustomEventTableViewCell.xib; sourceTree = "<group>"; };
		9FF9AE7B1D202080007E75E4 /* EventTableViewController.swift */ = {isa = PBXFileReference; fileEncoding = 4; lastKnownFileType = sourcecode.swift; path = EventTableViewController.swift; sourceTree = "<group>"; };
		9FF9AE7D1D2025FC007E75E4 /* IntroViewController.swift */ = {isa = PBXFileReference; fileEncoding = 4; lastKnownFileType = sourcecode.swift; path = IntroViewController.swift; sourceTree = "<group>"; };
		9FF9AE7F1D2026CC007E75E4 /* EventWebViewController.swift */ = {isa = PBXFileReference; fileEncoding = 4; lastKnownFileType = sourcecode.swift; path = EventWebViewController.swift; sourceTree = "<group>"; };
		9FF9AE871D2031F9007E75E4 /* Class.swift */ = {isa = PBXFileReference; fileEncoding = 4; lastKnownFileType = sourcecode.swift; path = Class.swift; sourceTree = "<group>"; };
		9FF9AE8B1D203741007E75E4 /* ClassTableViewController.swift */ = {isa = PBXFileReference; fileEncoding = 4; lastKnownFileType = sourcecode.swift; path = ClassTableViewController.swift; sourceTree = "<group>"; };
		9FF9AE8D1D2037D6007E75E4 /* CustomClassTableViewCell.swift */ = {isa = PBXFileReference; fileEncoding = 4; lastKnownFileType = sourcecode.swift; path = CustomClassTableViewCell.swift; sourceTree = "<group>"; };
		9FF9AE8E1D2037D6007E75E4 /* CustomClassTableViewCell.xib */ = {isa = PBXFileReference; fileEncoding = 4; lastKnownFileType = file.xib; path = CustomClassTableViewCell.xib; sourceTree = "<group>"; };
		9FF9AE911D203A27007E75E4 /* ClassWebViewController.swift */ = {isa = PBXFileReference; fileEncoding = 4; lastKnownFileType = sourcecode.swift; path = ClassWebViewController.swift; sourceTree = "<group>"; };
/* End PBXFileReference section */

/* Begin PBXFrameworksBuildPhase section */
		9FCB08651D17BECA00641C29 /* Frameworks */ = {
			isa = PBXFrameworksBuildPhase;
			buildActionMask = 2147483647;
			files = (
			);
			runOnlyForDeploymentPostprocessing = 0;
		};
/* End PBXFrameworksBuildPhase section */

/* Begin PBXGroup section */
		9FCB085F1D17BECA00641C29 = {
			isa = PBXGroup;
			children = (
				9FCB086A1D17BECA00641C29 /* AlphaCampAppExercise */,
				9FCB08691D17BECA00641C29 /* Products */,
			);
			sourceTree = "<group>";
		};
		9FCB08691D17BECA00641C29 /* Products */ = {
			isa = PBXGroup;
			children = (
				9FCB08681D17BECA00641C29 /* AlphaCampAppExercise.app */,
			);
			name = Products;
			sourceTree = "<group>";
		};
		9FCB086A1D17BECA00641C29 /* AlphaCampAppExercise */ = {
			isa = PBXGroup;
			children = (
				9FCB086B1D17BECA00641C29 /* AppDelegate.swift */,
				9FCB086D1D17BECA00641C29 /* ViewController.swift */,
				9FCB086F1D17BECA00641C29 /* Main.storyboard */,
				9FCB08721D17BECA00641C29 /* Assets.xcassets */,
				9FCB08741D17BECA00641C29 /* LaunchScreen.storyboard */,
				9FCB08771D17BECA00641C29 /* Info.plist */,
				9FF9AE6D1D1EB7A8007E75E4 /* AboutACViewController.swift */,
				9FF9AE6F1D1EBA54007E75E4 /* AboutAC.swift */,
				9FF9AE711D201652007E75E4 /* Event.swift */,
				9FF9AE771D201F61007E75E4 /* CustomEventTableViewCell.swift */,
				9FF9AE781D201F61007E75E4 /* CustomEventTableViewCell.xib */,
				9FF9AE7B1D202080007E75E4 /* EventTableViewController.swift */,
				9FF9AE7D1D2025FC007E75E4 /* IntroViewController.swift */,
				9FF9AE7F1D2026CC007E75E4 /* EventWebViewController.swift */,
				9FF9AE871D2031F9007E75E4 /* Class.swift */,
				9FF9AE8B1D203741007E75E4 /* ClassTableViewController.swift */,
				9FF9AE8D1D2037D6007E75E4 /* CustomClassTableViewCell.swift */,
				9FF9AE8E1D2037D6007E75E4 /* CustomClassTableViewCell.xib */,
				9FF9AE911D203A27007E75E4 /* ClassWebViewController.swift */,
			);
			path = AlphaCampAppExercise;
			sourceTree = "<group>";
		};
/* End PBXGroup section */

/* Begin PBXNativeTarget section */
		9FCB08671D17BECA00641C29 /* AlphaCampAppExercise */ = {
			isa = PBXNativeTarget;
			buildConfigurationList = 9FCB087A1D17BECA00641C29 /* Build configuration list for PBXNativeTarget "AlphaCampAppExercise" */;
			buildPhases = (
				9FCB08641D17BECA00641C29 /* Sources */,
				9FCB08651D17BECA00641C29 /* Frameworks */,
				9FCB08661D17BECA00641C29 /* Resources */,
			);
			buildRules = (
			);
			dependencies = (
			);
			name = AlphaCampAppExercise;
			productName = AlphaCampAppExercise;
			productReference = 9FCB08681D17BECA00641C29 /* AlphaCampAppExercise.app */;
			productType = "com.apple.product-type.application";
		};
/* End PBXNativeTarget section */

/* Begin PBXProject section */
		9FCB08601D17BECA00641C29 /* Project object */ = {
			isa = PBXProject;
			attributes = {
				LastSwiftUpdateCheck = 0730;
				LastUpgradeCheck = 0730;
				ORGANIZATIONNAME = "張智涵 Vincent Chang";
				TargetAttributes = {
					9FCB08671D17BECA00641C29 = {
						CreatedOnToolsVersion = 7.3.1;
					};
				};
			};
			buildConfigurationList = 9FCB08631D17BECA00641C29 /* Build configuration list for PBXProject "AlphaCampAppExercise" */;
			compatibilityVersion = "Xcode 3.2";
			developmentRegion = English;
			hasScannedForEncodings = 0;
			knownRegions = (
				en,
				Base,
			);
			mainGroup = 9FCB085F1D17BECA00641C29;
			productRefGroup = 9FCB08691D17BECA00641C29 /* Products */;
			projectDirPath = "";
			projectRoot = "";
			targets = (
				9FCB08671D17BECA00641C29 /* AlphaCampAppExercise */,
			);
		};
/* End PBXProject section */

/* Begin PBXResourcesBuildPhase section */
		9FCB08661D17BECA00641C29 /* Resources */ = {
			isa = PBXResourcesBuildPhase;
			buildActionMask = 2147483647;
			files = (
				9FCB08761D17BECA00641C29 /* LaunchScreen.storyboard in Resources */,
				9FF9AE7A1D201F61007E75E4 /* CustomEventTableViewCell.xib in Resources */,
				9FF9AE901D2037D6007E75E4 /* CustomClassTableViewCell.xib in Resources */,
				9FCB08731D17BECA00641C29 /* Assets.xcassets in Resources */,
				9FCB08711D17BECA00641C29 /* Main.storyboard in Resources */,
			);
			runOnlyForDeploymentPostprocessing = 0;
		};
/* End PBXResourcesBuildPhase section */

/* Begin PBXSourcesBuildPhase section */
		9FCB08641D17BECA00641C29 /* Sources */ = {
			isa = PBXSourcesBuildPhase;
			buildActionMask = 2147483647;
			files = (
				9FF9AE881D2031F9007E75E4 /* Class.swift in Sources */,
				9FF9AE8F1D2037D6007E75E4 /* CustomClassTableViewCell.swift in Sources */,
				9FCB086E1D17BECA00641C29 /* ViewController.swift in Sources */,
				9FF9AE801D2026CC007E75E4 /* EventWebViewController.swift in Sources */,
				9FF9AE921D203A27007E75E4 /* ClassWebViewController.swift in Sources */,
				9FF9AE7C1D202080007E75E4 /* EventTableViewController.swift in Sources */,
				9FF9AE701D1EBA54007E75E4 /* AboutAC.swift in Sources */,
				9FF9AE8C1D203741007E75E4 /* ClassTableViewController.swift in Sources */,
				9FCB086C1D17BECA00641C29 /* AppDelegate.swift in Sources */,
				9FF9AE791D201F61007E75E4 /* CustomEventTableViewCell.swift in Sources */,
				9FF9AE6E1D1EB7A8007E75E4 /* AboutACViewController.swift in Sources */,
				9FF9AE721D201652007E75E4 /* Event.swift in Sources */,
				9FF9AE7E1D2025FC007E75E4 /* IntroViewController.swift in Sources */,
			);
			runOnlyForDeploymentPostprocessing = 0;
		};
/* End PBXSourcesBuildPhase section */

/* Begin PBXVariantGroup section */
		9FCB086F1D17BECA00641C29 /* Main.storyboard */ = {
			isa = PBXVariantGroup;
			children = (
				9FCB08701D17BECA00641C29 /* Base */,
			);
			name = Main.storyboard;
			sourceTree = "<group>";
		};
		9FCB08741D17BECA00641C29 /* LaunchScreen.storyboard */ = {
			isa = PBXVariantGroup;
			children = (
				9FCB08751D17BECA00641C29 /* Base */,
			);
			name = LaunchScreen.storyboard;
			sourceTree = "<group>";
		};
/* End PBXVariantGroup section */

/* Begin XCBuildConfiguration section */
		9FCB08781D17BECA00641C29 /* Debug */ = {
			isa = XCBuildConfiguration;
			buildSettings = {
				ALWAYS_SEARCH_USER_PATHS = NO;
				CLANG_ANALYZER_NONNULL = YES;
				CLANG_CXX_LANGUAGE_STANDARD = "gnu++0x";
				CLANG_CXX_LIBRARY = "libc++";
				CLANG_ENABLE_MODULES = YES;
				CLANG_ENABLE_OBJC_ARC = YES;
				CLANG_WARN_BOOL_CONVERSION = YES;
				CLANG_WARN_CONSTANT_CONVERSION = YES;
				CLANG_WARN_DIRECT_OBJC_ISA_USAGE = YES_ERROR;
				CLANG_WARN_EMPTY_BODY = YES;
				CLANG_WARN_ENUM_CONVERSION = YES;
				CLANG_WARN_INT_CONVERSION = YES;
				CLANG_WARN_OBJC_ROOT_CLASS = YES_ERROR;
				CLANG_WARN_UNREACHABLE_CODE = YES;
				CLANG_WARN__DUPLICATE_METHOD_MATCH = YES;
				"CODE_SIGN_IDENTITY[sdk=iphoneos*]" = "iPhone Developer";
				COPY_PHASE_STRIP = NO;
				DEBUG_INFORMATION_FORMAT = dwarf;
				ENABLE_STRICT_OBJC_MSGSEND = YES;
				ENABLE_TESTABILITY = YES;
				GCC_C_LANGUAGE_STANDARD = gnu99;
				GCC_DYNAMIC_NO_PIC = NO;
				GCC_NO_COMMON_BLOCKS = YES;
				GCC_OPTIMIZATION_LEVEL = 0;
				GCC_PREPROCESSOR_DEFINITIONS = (
					"DEBUG=1",
					"$(inherited)",
				);
				GCC_WARN_64_TO_32_BIT_CONVERSION = YES;
				GCC_WARN_ABOUT_RETURN_TYPE = YES_ERROR;
				GCC_WARN_UNDECLARED_SELECTOR = YES;
				GCC_WARN_UNINITIALIZED_AUTOS = YES_AGGRESSIVE;
				GCC_WARN_UNUSED_FUNCTION = YES;
				GCC_WARN_UNUSED_VARIABLE = YES;
				IPHONEOS_DEPLOYMENT_TARGET = 9.3;
				MTL_ENABLE_DEBUG_INFO = YES;
				ONLY_ACTIVE_ARCH = YES;
				SDKROOT = iphoneos;
				SWIFT_OPTIMIZATION_LEVEL = "-Onone";
			};
			name = Debug;
		};
		9FCB08791D17BECA00641C29 /* Release */ = {
			isa = XCBuildConfiguration;
			buildSettings = {
				ALWAYS_SEARCH_USER_PATHS = NO;
				CLANG_ANALYZER_NONNULL = YES;
				CLANG_CXX_LANGUAGE_STANDARD = "gnu++0x";
				CLANG_CXX_LIBRARY = "libc++";
				CLANG_ENABLE_MODULES = YES;
				CLANG_ENABLE_OBJC_ARC = YES;
				CLANG_WARN_BOOL_CONVERSION = YES;
				CLANG_WARN_CONSTANT_CONVERSION = YES;
				CLANG_WARN_DIRECT_OBJC_ISA_USAGE = YES_ERROR;
				CLANG_WARN_EMPTY_BODY = YES;
				CLANG_WARN_ENUM_CONVERSION = YES;
				CLANG_WARN_INT_CONVERSION = YES;
				CLANG_WARN_OBJC_ROOT_CLASS = YES_ERROR;
				CLANG_WARN_UNREACHABLE_CODE = YES;
				CLANG_WARN__DUPLICATE_METHOD_MATCH = YES;
				"CODE_SIGN_IDENTITY[sdk=iphoneos*]" = "iPhone Developer";
				COPY_PHASE_STRIP = NO;
				DEBUG_INFORMATION_FORMAT = "dwarf-with-dsym";
				ENABLE_NS_ASSERTIONS = NO;
				ENABLE_STRICT_OBJC_MSGSEND = YES;
				GCC_C_LANGUAGE_STANDARD = gnu99;
				GCC_NO_COMMON_BLOCKS = YES;
				GCC_WARN_64_TO_32_BIT_CONVERSION = YES;
				GCC_WARN_ABOUT_RETURN_TYPE = YES_ERROR;
				GCC_WARN_UNDECLARED_SELECTOR = YES;
				GCC_WARN_UNINITIALIZED_AUTOS = YES_AGGRESSIVE;
				GCC_WARN_UNUSED_FUNCTION = YES;
				GCC_WARN_UNUSED_VARIABLE = YES;
				IPHONEOS_DEPLOYMENT_TARGET = 9.3;
				MTL_ENABLE_DEBUG_INFO = NO;
				SDKROOT = iphoneos;
				VALIDATE_PRODUCT = YES;
			};
			name = Release;
		};
		9FCB087B1D17BECA00641C29 /* Debug */ = {
			isa = XCBuildConfiguration;
			buildSettings = {
				ASSETCATALOG_COMPILER_APPICON_NAME = AppIcon;
				INFOPLIST_FILE = AlphaCampAppExercise/Info.plist;
				LD_RUNPATH_SEARCH_PATHS = "$(inherited) @executable_path/Frameworks";
				PRODUCT_BUNDLE_IDENTIFIER = co.VincentChang.AlphaCampAppExercise;
				PRODUCT_NAME = "$(TARGET_NAME)";
			};
			name = Debug;
		};
		9FCB087C1D17BECA00641C29 /* Release */ = {
			isa = XCBuildConfiguration;
			buildSettings = {
				ASSETCATALOG_COMPILER_APPICON_NAME = AppIcon;
				INFOPLIST_FILE = AlphaCampAppExercise/Info.plist;
				LD_RUNPATH_SEARCH_PATHS = "$(inherited) @executable_path/Frameworks";
				PRODUCT_BUNDLE_IDENTIFIER = co.VincentChang.AlphaCampAppExercise;
				PRODUCT_NAME = "$(TARGET_NAME)";
			};
			name = Release;
		};
/* End XCBuildConfiguration section */

/* Begin XCConfigurationList section */
		9FCB08631D17BECA00641C29 /* Build configuration list for PBXProject "AlphaCampAppExercise" */ = {
			isa = XCConfigurationList;
			buildConfigurations = (
				9FCB08781D17BECA00641C29 /* Debug */,
				9FCB08791D17BECA00641C29 /* Release */,
			);
			defaultConfigurationIsVisible = 0;
			defaultConfigurationName = Release;
		};
		9FCB087A1D17BECA00641C29 /* Build configuration list for PBXNativeTarget "AlphaCampAppExercise" */ = {
			isa = XCConfigurationList;
			buildConfigurations = (
				9FCB087B1D17BECA00641C29 /* Debug */,
				9FCB087C1D17BECA00641C29 /* Release */,
			);
			defaultConfigurationIsVisible = 0;
			defaultConfigurationName = Release;
		};
/* End XCConfigurationList section */
	};
	rootObject = 9FCB08601D17BECA00641C29 /* Project object */;
}
